
Microsoft Visual Studio Solution File, Format Version 12.00
# Visual Studio Version 17
VisualStudioVersion = 17.14.37216.2
MinimumVisualStudioVersion = 10.0.40219.1
Project("{FAE04EC0-301F-11D3-BF4B-00C04F79EFBC}") = "PolyMatrics", "PolyMatrics\PolyMatrics.csproj", "{E6A6BBF1-F589-4262-B1C6-BF096F85776F}"
EndProject
Project("{FAE04EC0-301F-11D3-BF4B-00C04F79EFBC}") = "Business", "Business\Business.csproj", "{534D9B54-651F-4173-8AE3-9BE17B616A53}"
EndProject
Project("{FAE04EC0-301F-11D3-BF4B-00C04F79EFBC}") = "DataAccess", "DataAccess\DataAccess.csproj", "{C4AA5D8C-D08B-4B4B-A0AF-456F04BFCEF1}"
EndProject
Global
	GlobalSection(SolutionConfigurationPlatforms) = preSolution
		Debug|Any CPU = Debug|Any CPU
		Release|Any CPU = Release|Any CPU
	EndGlobalSection
	GlobalSection(ProjectConfigurationPlatforms) = postSolution
		{E6A6BBF1-F589-4262-B1C6-BF096F85776F}.Debug|Any CPU.ActiveCfg = Debug|Any CPU
		{E6A6BBF1-F589-4262-B1C6-BF096F85776F}.Debug|Any CPU.Build.0 = Debug|Any CPU
		{E6A6BBF1-F589-4262-B1C6-BF096F85776F}.Release|Any CPU.ActiveCfg = Release|Any CPU
		{E6A6BBF1-F589-4262-B1C6-BF096F85776F}.Release|Any CPU.Build.0 = Release|Any CPU
		{534D9B54-651F-4173-8AE3-9BE17B616A53}.Debug|Any CPU.ActiveCfg = Debug|Any CPU
		{534D9B54-651F-4173-8AE3-9BE17B616A53}.Debug|Any CPU.Build.0 = Debug|Any CPU
		{534D9B54-651F-4173-8AE3-9BE17B616A53}.Release|Any CPU.ActiveCfg = Release|Any CPU
		{534D9B54-651F-4173-8AE3-9BE17B616A53}.Release|Any CPU.Build.0 = Release|Any CPU
		{C4AA5D8C-D08B-4B4B-A0AF-456F04BFCEF1}.Debug|Any CPU.ActiveCfg = Debug|Any CPU
		{C4AA5D8C-D08B-4B4B-A0AF-456F04BFCEF1}.Debug|Any CPU.Build.0 = Debug|Any CPU
		{C4AA5D8C-D08B-4B4B-A0AF-456F04BFCEF1}.Release|Any CPU.ActiveCfg = Release|Any CPU
		{C4AA5D8C-D08B-4B4B-A0AF-456F04BFCEF1}.Release|Any CPU.Build.0 = Release|Any CPU
	EndGlobalSection
	GlobalSection(SolutionProperties) = preSolution
		HideSolutionNode = FALSE
	EndGlobalSection
	GlobalSection(ExtensibilityGlobals) = postSolution
		SolutionGuid = {B8309ECB-A83C-4BD3-9D00-D7227A3D1DF3}
	EndGlobalSection
EndGlobal
